PODS:
  - Cleanse (4.2.6)
  - Core (0.1.0):
    - Cleanse (= 4.2.6)
  - FeatureA (0.1.0):
    - Cleanse (= 4.2.6)
    - Core
  - FeatureB (0.1.0):
    - Cleanse (= 4.2.6)
    - Core

DEPENDENCIES:
  - Core (from `./Core`)
  - FeatureA (from `./FeatureA`)
  - FeatureB (from `./FeatureB`)

SPEC REPOS:
  trunk:
    - Cleanse

EXTERNAL SOURCES:
  Core:
    :path: "./Core"
  FeatureA:
    :path: "./FeatureA"
  FeatureB:
    :path: "./FeatureB"

SPEC CHECKSUMS:
  Cleanse: 6bfc62033dcc0e5ba7992f410a5352ddd1283551
  Core: 4f7781563df42c14dbcce00e5fe6e2ec218ab773
  FeatureA: b9f087d59b2b5f2079b4b1b63c8cb33ccff916d0
  FeatureB: e8c9db453e0cb366b0f2e073c57cc880fad9d9d2

PODFILE CHECKSUM: 394f63f45115f009c23a3bc21934286657254f31

COCOAPODS: 1.9.3
